
Microsoft Visual Studio Solution File, Format Version 12.00
# Visual Studio Version 16
VisualStudioVersion = 16.0.30717.126
MinimumVisualStudioVersion = 10.0.40219.1
Project("{00D1A9C2-B5F0-4AF3-8072-F6C62B433612}") = "CICD_DB", "CICD_DB\CICD_DB.sqlproj", "{1AFA05AA-35C1-4CC9-8C9F-43880D2847EE}"
EndProject
Global
	GlobalSection(SolutionConfigurationPlatforms) = preSolution
		Debug|Any CPU = Debug|Any CPU
		Release|Any CPU = Release|Any CPU
	EndGlobalSection
	GlobalSection(ProjectConfigurationPlatforms) = postSolution
		{1AFA05AA-35C1-4CC9-8C9F-43880D2847EE}.Debug|Any CPU.ActiveCfg = Debug|Any CPU
		{1AFA05AA-35C1-4CC9-8C9F-43880D2847EE}.Debug|Any CPU.Build.0 = Debug|Any CPU
		{1AFA05AA-35C1-4CC9-8C9F-43880D2847EE}.Debug|Any CPU.Deploy.0 = Debug|Any CPU
		{1AFA05AA-35C1-4CC9-8C9F-43880D2847EE}.Release|Any CPU.ActiveCfg = Release|Any CPU
		{1AFA05AA-35C1-4CC9-8C9F-43880D2847EE}.Release|Any CPU.Build.0 = Release|Any CPU
		{1AFA05AA-35C1-4CC9-8C9F-43880D2847EE}.Release|Any CPU.Deploy.0 = Release|Any CPU
	EndGlobalSection
	GlobalSection(SolutionProperties) = preSolution
		HideSolutionNode = FALSE
	EndGlobalSection
	GlobalSection(ExtensibilityGlobals) = postSolution
		SolutionGuid = {8A661647-3935-4888-A129-A0295F76995F}
	EndGlobalSection
EndGlobal
